
Microsoft Visual Studio Solution File, Format Version 12.00
# Visual Studio Version 17
VisualStudioVersion = 17.6.33829.357
MinimumVisualStudioVersion = 10.0.40219.1
Project("{FAE04EC0-301F-11D3-BF4B-00C04F79EFBC}") = "ModelTest", "ModelTest\ModelTest.csproj", "{982D257E-96F7-446F-B5F8-675A6256347E}"
EndProject
Global
	GlobalSection(SolutionConfigurationPlatforms) = preSolution
		Debug|Any CPU = Debug|Any CPU
		Release|Any CPU = Release|Any CPU
	EndGlobalSection
	GlobalSection(ProjectConfigurationPlatforms) = postSolution
		{982D257E-96F7-446F-B5F8-675A6256347E}.Debug|Any CPU.ActiveCfg = Debug|Any CPU
		{982D257E-96F7-446F-B5F8-675A6256347E}.Debug|Any CPU.Build.0 = Debug|Any CPU
		{982D257E-96F7-446F-B5F8-675A6256347E}.Release|Any CPU.ActiveCfg = Release|Any CPU
		{982D257E-96F7-446F-B5F8-675A6256347E}.Release|Any CPU.Build.0 = Release|Any CPU
	EndGlobalSection
	GlobalSection(SolutionProperties) = preSolution
		HideSolutionNode = FALSE
	EndGlobalSection
	GlobalSection(ExtensibilityGlobals) = postSolution
		SolutionGuid = {3BF1012A-9DCB-4377-B52E-B98D71EFCD3C}
	EndGlobalSection
EndGlobal
